{
  "name": "webauthn-polyfills",
  "version": "1.0.0",
  "lockfileVersion": 3,
  "requires": true,
  "packages": {
    "": {
      "name": "webauthn-polyfills",
      "version": "1.0.0",
      "license": "Apache-2.0",
      "devDependencies": {
        "@types/ua-parser-js": "^0.7.39",
        "typescript": "^5.6.3",
        "ua-parser-js": "^1.0.39"
      }
    },
    "node_modules/@types/ua-parser-js": {
      "version": "0.7.39",
      "resolved": "https://registry.npmjs.org/@types/ua-parser-js/-/ua-parser-js-0.7.39.tgz",
      "integrity": "sha512-P/oDfpofrdtF5xw433SPALpdSchtJmY7nsJItf8h3KXqOslkbySh8zq4dSWXH2oTjRvJ5PczVEoCZPow6GicLg==",
      "dev": true,
      "license": "MIT"
    },
    "node_modules/typescript": {
      "version": "5.6.3",
      "resolved": "https://registry.npmjs.org/typescript/-/typescript-5.6.3.tgz",
      "integrity": "sha512-hjcS1mhfuyi4WW8IWtjP7brDrG2cuDZukyrYrSauoXGNgx0S7zceP07adYkJycEr56BOUTNPzbInooiN3fn1qw==",
      "dev": true,
      "license": "Apache-2.0",
      "bin": {
        "tsc": "bin/tsc",
        "tsserver": "bin/tsserver"
      },
      "engines": {
        "node": ">=14.17"
      }
    },
    "node_modules/ua-parser-js": {
      "version": "1.0.39",
      "resolved": "https://registry.npmjs.org/ua-parser-js/-/ua-parser-js-1.0.39.tgz",
      "integrity": "sha512-k24RCVWlEcjkdOxYmVJgeD/0a1TiSpqLg+ZalVGV9lsnr4yqu0w7tX/x2xX6G4zpkgQnRf89lxuZ1wsbjXM8lw==",
      "dev": true,
      "funding": [
        {
          "type": "opencollective",
          "url": "https://opencollective.com/ua-parser-js"
        },
        {
          "type": "paypal",
          "url": "https://paypal.me/faisalman"
        },
        {
          "type": "github",
          "url": "https://github.com/sponsors/faisalman"
        }
      ],
      "license": "MIT",
      "bin": {
        "ua-parser-js": "script/cli.js"
      },
      "engines": {
        "node": "*"
      }
    }
  }
}
